
Microsoft Visual Studio Solution File, Format Version 11.00
# Visual Studio 2010
Project("{FAE04EC0-301F-11D3-BF4B-00C04F79EFBC}") = "ChromecastExample", "ChromecastExample\ChromecastExample.csproj", "{218D794A-13C2-43F7-AD36-6764008D95B7}"
EndProject
Project("{FAE04EC0-301F-11D3-BF4B-00C04F79EFBC}") = "GCKFramework-Sharp", "..\GCKFramework-Sharp\GCKFramework-Sharp.csproj", "{8713D583-5ABE-4FAC-982A-A04CC1E3D729}"
EndProject
Global
	GlobalSection(SolutionConfigurationPlatforms) = preSolution
		Debug|iPhoneSimulator = Debug|iPhoneSimulator
		Release|iPhoneSimulator = Release|iPhoneSimulator
		Debug|iPhone = Debug|iPhone
		Release|iPhone = Release|iPhone
		Ad-Hoc|iPhone = Ad-Hoc|iPhone
		AppStore|iPhone = AppStore|iPhone
	EndGlobalSection
	GlobalSection(ProjectConfigurationPlatforms) = postSolution
		{218D794A-13C2-43F7-AD36-6764008D95B7}.Ad-Hoc|iPhone.ActiveCfg = Ad-Hoc|iPhone
		{218D794A-13C2-43F7-AD36-6764008D95B7}.Ad-Hoc|iPhone.Build.0 = Ad-Hoc|iPhone
		{218D794A-13C2-43F7-AD36-6764008D95B7}.AppStore|iPhone.ActiveCfg = AppStore|iPhone
		{218D794A-13C2-43F7-AD36-6764008D95B7}.AppStore|iPhone.Build.0 = AppStore|iPhone
		{218D794A-13C2-43F7-AD36-6764008D95B7}.Debug|iPhone.ActiveCfg = Debug|iPhone
		{218D794A-13C2-43F7-AD36-6764008D95B7}.Debug|iPhone.Build.0 = Debug|iPhone
		{218D794A-13C2-43F7-AD36-6764008D95B7}.Debug|iPhoneSimulator.ActiveCfg = Debug|iPhoneSimulator
		{218D794A-13C2-43F7-AD36-6764008D95B7}.Debug|iPhoneSimulator.Build.0 = Debug|iPhoneSimulator
		{218D794A-13C2-43F7-AD36-6764008D95B7}.Release|iPhone.ActiveCfg = Release|iPhone
		{218D794A-13C2-43F7-AD36-6764008D95B7}.Release|iPhone.Build.0 = Release|iPhone
		{218D794A-13C2-43F7-AD36-6764008D95B7}.Release|iPhoneSimulator.ActiveCfg = Release|iPhoneSimulator
		{218D794A-13C2-43F7-AD36-6764008D95B7}.Release|iPhoneSimulator.Build.0 = Release|iPhoneSimulator
		{8713D583-5ABE-4FAC-982A-A04CC1E3D729}.Ad-Hoc|iPhone.ActiveCfg = Release|Any CPU
		{8713D583-5ABE-4FAC-982A-A04CC1E3D729}.Ad-Hoc|iPhone.Build.0 = Release|Any CPU
		{8713D583-5ABE-4FAC-982A-A04CC1E3D729}.AppStore|iPhone.ActiveCfg = Release|Any CPU
		{8713D583-5ABE-4FAC-982A-A04CC1E3D729}.AppStore|iPhone.Build.0 = Release|Any CPU
		{8713D583-5ABE-4FAC-982A-A04CC1E3D729}.Debug|iPhone.ActiveCfg = Debug|Any CPU
		{8713D583-5ABE-4FAC-982A-A04CC1E3D729}.Debug|iPhone.Build.0 = Debug|Any CPU
		{8713D583-5ABE-4FAC-982A-A04CC1E3D729}.Debug|iPhoneSimulator.ActiveCfg = Debug|Any CPU
		{8713D583-5ABE-4FAC-982A-A04CC1E3D729}.Debug|iPhoneSimulator.Build.0 = Debug|Any CPU
		{8713D583-5ABE-4FAC-982A-A04CC1E3D729}.Release|iPhone.ActiveCfg = Release|Any CPU
		{8713D583-5ABE-4FAC-982A-A04CC1E3D729}.Release|iPhone.Build.0 = Release|Any CPU
		{8713D583-5ABE-4FAC-982A-A04CC1E3D729}.Release|iPhoneSimulator.ActiveCfg = Release|Any CPU
		{8713D583-5ABE-4FAC-982A-A04CC1E3D729}.Release|iPhoneSimulator.Build.0 = Release|Any CPU
	EndGlobalSection
	GlobalSection(MonoDevelopProperties) = preSolution
		StartupItem = ChromecastExample\ChromecastExample.csproj
	EndGlobalSection
EndGlobal
